<?xml version="1.0" encoding="utf-8"?>
<Project ToolsVersion="4.0" xmlns="http://schemas.microsoft.com/developer/msbuild/2003">
  <ItemGroup>
    <Filter Include="Audio">
      <UniqueIdentifier>{d4168778-85aa-44ba-b3ef-5170a2ee8dfb}</UniqueIdentifier>
    </Filter>
    <Filter Include="Core">
      <UniqueIdentifier>{8c01083b-a810-45f0-9123-911c73db1b77}</UniqueIdentifier>
    </Filter>
    <Filter Include="Game">
      <UniqueIdentifier>{c6666acd-c25b-4f78-9ccc-7fdbdd9593e7}</UniqueIdentifier>
    </Filter>
    <Filter Include="Input">
      <UniqueIdentifier>{dfecd310-2d14-4289-a58d-88a542becf47}</UniqueIdentifier>
    </Filter>
    <Filter Include="Render">
      <UniqueIdentifier>{8d2152ff-363d-401f-bd0b-619c4fc5cb20}</UniqueIdentifier>
    </Filter>
    <Filter Include="Scene">
      <UniqueIdentifier>{0ed17fbc-91e3-437b-853a-f2c55d5c2bbe}</UniqueIdentifier>
    </Filter>
  </ItemGroup>
  <ItemGroup>
    <ClCompile Include="src\Audio\Audio.cpp">
      <Filter>Audio</Filter>
    </ClCompile>
    <ClCompile Include="src\Core\App.cpp">
      <Filter>Core</Filter>
    </ClCompile>
    <ClCompile Include="src\Core\Fps.cpp">
      <Filter>Core</Filter>
    </ClCompile>
    <ClCompile Include="src\Core\Quality.cpp">
      <Filter>Core</Filter>
    </ClCompile>
    <ClCompile Include="src\Core\Time.cpp">
      <Filter>Core</Filter>
    </ClCompile>
    <ClCompile Include="src\Game\Player.cpp">
      <Filter>Game</Filter>
    </ClCompile>
    <ClCompile Include="src\Game\Score.cpp">
      <Filter>Game</Filter>
    </ClCompile>
    <ClCompile Include="src\Input\Input.cpp">
      <Filter>Input</Filter>
    </ClCompile>
    <ClCompile Include="src\Render\Camera2D.cpp">
      <Filter>Render</Filter>
    </ClCompile>
    <ClCompile Include="src\Render\RenderUtil.cpp">
      <Filter>Render</Filter>
    </ClCompile>
    <ClCompile Include="src\Scene\GameScene.cpp">
      <Filter>Scene</Filter>
    </ClCompile>
    <ClCompile Include="src\Scene\ResultScene.cpp">
      <Filter>Scene</Filter>
    </ClCompile>
    <ClCompile Include="src\Scene\SceneManager.cpp">
      <Filter>Scene</Filter>
    </ClCompile>
    <ClCompile Include="src\Scene\TitleScene.cpp">
      <Filter>Scene</Filter>
    </ClCompile>
    <ClCompile Include="src\Game\Obstacle.cpp">
      <Filter>Game</Filter>
    </ClCompile>
    <ClCompile Include="src\Game\ObstacleManager.cpp">
      <Filter>Game</Filter>
    </ClCompile>
    <ClCompile Include="src\Game\Background.cpp">
      <Filter>Game</Filter>
    </ClCompile>
  </ItemGroup>
  <ItemGroup>
    <ClInclude Include="src\Audio\Audio.h">
      <Filter>Audio</Filter>
    </ClInclude>
    <ClInclude Include="src\Core\App.h">
      <Filter>Core</Filter>
    </ClInclude>
    <ClInclude Include="src\Core\Config.h">
      <Filter>Core</Filter>
    </ClInclude>
    <ClInclude Include="src\Core\Fps.h">
      <Filter>Core</Filter>
    </ClInclude>
    <ClInclude Include="src\Core\Quality.h">
      <Filter>Core</Filter>
    </ClInclude>
    <ClInclude Include="src\Core\Time.h">
      <Filter>Core</Filter>
    </ClInclude>
    <ClInclude Include="src\Game\Aabb.h">
      <Filter>Game</Filter>
    </ClInclude>
    <ClInclude Include="src\Game\Collision.h">
      <Filter>Game</Filter>
    </ClInclude>
    <ClInclude Include="src\Game\GridPos.h">
      <Filter>Game</Filter>
    </ClInclude>
    <ClInclude Include="src\Game\Player.h">
      <Filter>Game</Filter>
    </ClInclude>
    <ClInclude Include="src\Game\Score.h">
      <Filter>Game</Filter>
    </ClInclude>
    <ClInclude Include="src\Game\Vec2.h">
      <Filter>Game</Filter>
    </ClInclude>
    <ClInclude Include="src\Input\Input.h">
      <Filter>Input</Filter>
    </ClInclude>
    <ClInclude Include="src\Render\Camera2D.h">
      <Filter>Render</Filter>
    </ClInclude>
    <ClInclude Include="src\Render\RenderUtil.h">
      <Filter>Render</Filter>
    </ClInclude>
    <ClInclude Include="src\Scene\GameScene.h">
      <Filter>Scene</Filter>
    </ClInclude>
    <ClInclude Include="src\Scene\IScene.h">
      <Filter>Scene</Filter>
    </ClInclude>
    <ClInclude Include="src\Scene\ResultScene.h">
      <Filter>Scene</Filter>
    </ClInclude>
    <ClInclude Include="src\Scene\SceneContext.h">
      <Filter>Scene</Filter>
    </ClInclude>
    <ClInclude Include="src\Scene\SceneManager.h">
      <Filter>Scene</Filter>
    </ClInclude>
    <ClInclude Include="src\Scene\SceneType.h">
      <Filter>Scene</Filter>
    </ClInclude>
    <ClInclude Include="src\Scene\TitleScene.h">
      <Filter>Scene</Filter>
    </ClInclude>
    <ClInclude Include="src\Game\Obstacle.h">
      <Filter>Game</Filter>
    </ClInclude>
    <ClInclude Include="src\Game\ObstacleManager.h">
      <Filter>Game</Filter>
    </ClInclude>
    <ClInclude Include="src\Game\Background.h">
      <Filter>Game</Filter>
    </ClInclude>
  </ItemGroup>
</Project>